// !$*UTF8*$!
{
	archiveVersion = 1;
	classes = {
	};
	objectVersion = 77;
	objects = {

/* Begin PBXContainerItemProxy section */
		E595DC172DB6CF9000B1413F /* PBXContainerItemProxy */ = {
			isa = PBXContainerItemProxy;
			containerPortal = E595DBFC2DB6CF8F00B1413F /* Project object */;
			proxyType = 1;
			remoteGlobalIDString = E595DC032DB6CF8F00B1413F;
			remoteInfo = OPS;
		};
		E595DC212DB6CF9000B1413F /* PBXContainerItemProxy */ = {
			isa = PBXContainerItemProxy;
			containerPortal = E595DBFC2DB6CF8F00B1413F /* Project object */;
			proxyType = 1;
			remoteGlobalIDString = E595DC032DB6CF8F00B1413F;
			remoteInfo = OPS;
		};
/* End PBXContainerItemProxy section */

/* Begin PBXFileReference section */
		E595DC042DB6CF8F00B1413F /* OPS.app */ = {isa = PBXFileReference; explicitFileType = wrapper.application; includeInIndex = 0; path = OPS.app; sourceTree = BUILT_PRODUCTS_DIR; };
		E595DC162DB6CF9000B1413F /* OPSTests.xctest */ = {isa = PBXFileReference; explicitFileType = wrapper.cfbundle; includeInIndex = 0; path = OPSTests.xctest; sourceTree = BUILT_PRODUCTS_DIR; };
		E595DC202DB6CF9000B1413F /* OPSUITests.xctest */ = {isa = PBXFileReference; explicitFileType = wrapper.cfbundle; includeInIndex = 0; path = OPSUITests.xctest; sourceTree = BUILT_PRODUCTS_DIR; };
/* End PBXFileReference section */

/* Begin PBXFileSystemSynchronizedBuildFileExceptionSet section */
		E5E4A9422DB87C4800C6B427 /* Exceptions for "OPS" folder in "OPS" target */ = {
			isa = PBXFileSystemSynchronizedBuildFileExceptionSet;
			membershipExceptions = (
				Info.plist,
			);
			target = E595DC032DB6CF8F00B1413F /* OPS */;
		};
/* End PBXFileSystemSynchronizedBuildFileExceptionSet section */

/* Begin PBXFileSystemSynchronizedRootGroup section */
		E595DC062DB6CF8F00B1413F /* OPS */ = {
			isa = PBXFileSystemSynchronizedRootGroup;
			exceptions = (
				E5E4A9422DB87C4800C6B427 /* Exceptions for "OPS" folder in "OPS" target */,
			);
			path = OPS;
			sourceTree = "<group>";
		};
		E595DC192DB6CF9000B1413F /* OPSTests */ = {
			isa = PBXFileSystemSynchronizedRootGroup;
			path = OPSTests;
			sourceTree = "<group>";
		};
		E595DC232DB6CF9000B1413F /* OPSUITests */ = {
			isa = PBXFileSystemSynchronizedRootGroup;
			path = OPSUITests;
			sourceTree = "<group>";
		};
/* End PBXFileSystemSynchronizedRootGroup section */

/* Begin PBXFrameworksBuildPhase section */
		E595DC012DB6CF8F00B1413F /* Frameworks */ = {
			isa = PBXFrameworksBuildPhase;
			buildActionMask = 2147483647;
			files = (
			);
			runOnlyForDeploymentPostprocessing = 0;
		};
		E595DC132DB6CF9000B1413F /* Frameworks */ = {
			isa = PBXFrameworksBuildPhase;
			buildActionMask = 2147483647;
			files = (
			);
			runOnlyForDeploymentPostprocessing = 0;
		};
		E595DC1D2DB6CF9000B1413F /* Frameworks */ = {
			isa = PBXFrameworksBuildPhase;
			buildActionMask = 2147483647;
			files = (
			);
			runOnlyForDeploymentPostprocessing = 0;
		};
/* End PBXFrameworksBuildPhase section */

/* Begin PBXGroup section */
		E595DBFB2DB6CF8F00B1413F = {
			isa = PBXGroup;
			children = (
				E595DC062DB6CF8F00B1413F /* OPS */,
				E595DC192DB6CF9000B1413F /* OPSTests */,
				E595DC232DB6CF9000B1413F /* OPSUITests */,
				E595DC052DB6CF8F00B1413F /* Products */,
			);
			sourceTree = "<group>";
		};
		E595DC052DB6CF8F00B1413F /* Products */ = {
			isa = PBXGroup;
			children = (
				E595DC042DB6CF8F00B1413F /* OPS.app */,
				E595DC162DB6CF9000B1413F /* OPSTests.xctest */,
				E595DC202DB6CF9000B1413F /* OPSUITests.xctest */,
			);
			name = Products;
			sourceTree = "<group>";
		};
/* End PBXGroup section */

/* Begin PBXNativeTarget section */
		E595DC032DB6CF8F00B1413F /* OPS */ = {
			isa = PBXNativeTarget;
			buildConfigurationList = E595DC2A2DB6CF9000B1413F /* Build configuration list for PBXNativeTarget "OPS" */;
			buildPhases = (
				E595DC002DB6CF8F00B1413F /* Sources */,
				E595DC012DB6CF8F00B1413F /* Frameworks */,
				E595DC022DB6CF8F00B1413F /* Resources */,
			);
			buildRules = (
			);
			dependencies = (
			);
			fileSystemSynchronizedGroups = (
				E595DC062DB6CF8F00B1413F /* OPS */,
			);
			name = OPS;
			packageProductDependencies = (
			);
			productName = OPS;
			productReference = E595DC042DB6CF8F00B1413F /* OPS.app */;
			productType = "com.apple.product-type.application";
		};
		E595DC152DB6CF9000B1413F /* OPSTests */ = {
			isa = PBXNativeTarget;
			buildConfigurationList = E595DC2D2DB6CF9000B1413F /* Build configuration list for PBXNativeTarget "OPSTests" */;
			buildPhases = (
				E595DC122DB6CF9000B1413F /* Sources */,
				E595DC132DB6CF9000B1413F /* Frameworks */,
				E595DC142DB6CF9000B1413F /* Resources */,
			);
			buildRules = (
			);
			dependencies = (
				E595DC182DB6CF9000B1413F /* PBXTargetDependency */,
			);
			fileSystemSynchronizedGroups = (
				E595DC192DB6CF9000B1413F /* OPSTests */,
			);
			name = OPSTests;
			packageProductDependencies = (
			);
			productName = OPSTests;
			productReference = E595DC162DB6CF9000B1413F /* OPSTests.xctest */;
			productType = "com.apple.product-type.bundle.unit-test";
		};
		E595DC1F2DB6CF9000B1413F /* OPSUITests */ = {
			isa = PBXNativeTarget;
			buildConfigurationList = E595DC302DB6CF9000B1413F /* Build configuration list for PBXNativeTarget "OPSUITests" */;
			buildPhases = (
				E595DC1C2DB6CF9000B1413F /* Sources */,
				E595DC1D2DB6CF9000B1413F /* Frameworks */,
				E595DC1E2DB6CF9000B1413F /* Resources */,
			);
			buildRules = (
			);
			dependencies = (
				E595DC222DB6CF9000B1413F /* PBXTargetDependency */,
			);
			fileSystemSynchronizedGroups = (
				E595DC232DB6CF9000B1413F /* OPSUITests */,
			);
			name = OPSUITests;
			packageProductDependencies = (
			);
			productName = OPSUITests;
			productReference = E595DC202DB6CF9000B1413F /* OPSUITests.xctest */;
			productType = "com.apple.product-type.bundle.ui-testing";
		};
/* End PBXNativeTarget section */

/* Begin PBXProject section */
		E595DBFC2DB6CF8F00B1413F /* Project object */ = {
			isa = PBXProject;
			attributes = {
				BuildIndependentTargetsInParallel = 1;
				LastSwiftUpdateCheck = 1620;
				LastUpgradeCheck = 1620;
				TargetAttributes = {
					E595DC032DB6CF8F00B1413F = {
						CreatedOnToolsVersion = 16.2;
					};
					E595DC152DB6CF9000B1413F = {
						CreatedOnToolsVersion = 16.2;
						TestTargetID = E595DC032DB6CF8F00B1413F;
					};
					E595DC1F2DB6CF9000B1413F = {
						CreatedOnToolsVersion = 16.2;
						TestTargetID = E595DC032DB6CF8F00B1413F;
					};
				};
			};
			buildConfigurationList = E595DBFF2DB6CF8F00B1413F /* Build configuration list for PBXProject "OPS" */;
			developmentRegion = en;
			hasScannedForEncodings = 0;
			knownRegions = (
				en,
				Base,
			);
			mainGroup = E595DBFB2DB6CF8F00B1413F;
			minimizedProjectReferenceProxies = 1;
			preferredProjectObjectVersion = 77;
			productRefGroup = E595DC052DB6CF8F00B1413F /* Products */;
			projectDirPath = "";
			projectRoot = "";
			targets = (
				E595DC032DB6CF8F00B1413F /* OPS */,
				E595DC152DB6CF9000B1413F /* OPSTests */,
				E595DC1F2DB6CF9000B1413F /* OPSUITests */,
			);
		};
/* End PBXProject section */

/* Begin PBXResourcesBuildPhase section */
		E595DC022DB6CF8F00B1413F /* Resources */ = {
			isa = PBXResourcesBuildPhase;
			buildActionMask = 2147483647;
			files = (
			);
			runOnlyForDeploymentPostprocessing = 0;
		};
		E595DC142DB6CF9000B1413F /* Resources */ = {
			isa = PBXResourcesBuildPhase;
			buildActionMask = 2147483647;
			files = (
			);
			runOnlyForDeploymentPostprocessing = 0;
		};
		E595DC1E2DB6CF9000B1413F /* Resources */ = {
			isa = PBXResourcesBuildPhase;
			buildActionMask = 2147483647;
			files = (
			);
			runOnlyForDeploymentPostprocessing = 0;
		};
/* End PBXResourcesBuildPhase section */

/* Begin PBXSourcesBuildPhase section */
		E595DC002DB6CF8F00B1413F /* Sources */ = {
			isa = PBXSourcesBuildPhase;
			buildActionMask = 2147483647;
			files = (
			);
			runOnlyForDeploymentPostprocessing = 0;
		};
		E595DC122DB6CF9000B1413F /* Sources */ = {
			isa = PBXSourcesBuildPhase;
			buildActionMask = 2147483647;
			files = (
			);
			runOnlyForDeploymentPostprocessing = 0;
		};
		E595DC1C2DB6CF9000B1413F /* Sources */ = {
			isa = PBXSourcesBuildPhase;
			buildActionMask = 2147483647;
			files = (
			);
			runOnlyForDeploymentPostprocessing = 0;
		};
/* End PBXSourcesBuildPhase section */

/* Begin PBXTargetDependency section */
		E595DC182DB6CF9000B1413F /* PBXTargetDependency */ = {
			isa = PBXTargetDependency;
			target = E595DC032DB6CF8F00B1413F /* OPS */;
			targetProxy = E595DC172DB6CF9000B1413F /* PBXContainerItemProxy */;
		};
		E595DC222DB6CF9000B1413F /* PBXTargetDependency */ = {
			isa = PBXTargetDependency;
			target = E595DC032DB6CF8F00B1413F /* OPS */;
			targetProxy = E595DC212DB6CF9000B1413F /* PBXContainerItemProxy */;
		};
/* End PBXTargetDependency section */

/* Begin XCBuildConfiguration section */
		E595DC282DB6CF9000B1413F /* Debug */ = {
			isa = XCBuildConfiguration;
			buildSettings = {
				ALWAYS_SEARCH_USER_PATHS = NO;
				ASSETCATALOG_COMPILER_GENERATE_SWIFT_ASSET_SYMBOL_EXTENSIONS = YES;
				CLANG_ANALYZER_NONNULL = YES;
				CLANG_ANALYZER_NUMBER_OBJECT_CONVERSION = YES_AGGRESSIVE;
				CLANG_CXX_LANGUAGE_STANDARD = "gnu++20";
				CLANG_ENABLE_MODULES = YES;
				CLANG_ENABLE_OBJC_ARC = YES;
				CLANG_ENABLE_OBJC_WEAK = YES;
				CLANG_WARN_BLOCK_CAPTURE_AUTORELEASING = YES;
				CLANG_WARN_BOOL_CONVERSION = YES;
				CLANG_WARN_COMMA = YES;
				CLANG_WARN_CONSTANT_CONVERSION = YES;
				CLANG_WARN_DEPRECATED_OBJC_IMPLEMENTATIONS = YES;
				CLANG_WARN_DIRECT_OBJC_ISA_USAGE = YES_ERROR;
				CLANG_WARN_DOCUMENTATION_COMMENTS = YES;
				CLANG_WARN_EMPTY_BODY = YES;
				CLANG_WARN_ENUM_CONVERSION = YES;
				CLANG_WARN_INFINITE_RECURSION = YES;
				CLANG_WARN_INT_CONVERSION = YES;
				CLANG_WARN_NON_LITERAL_NULL_CONVERSION = YES;
				CLANG_WARN_OBJC_IMPLICIT_RETAIN_SELF = YES;
				CLANG_WARN_OBJC_LITERAL_CONVERSION = YES;
				CLANG_WARN_OBJC_ROOT_CLASS = YES_ERROR;
				CLANG_WARN_QUOTED_INCLUDE_IN_FRAMEWORK_HEADER = YES;
				CLANG_WARN_RANGE_LOOP_ANALYSIS = YES;
				CLANG_WARN_STRICT_PROTOTYPES = YES;
				CLANG_WARN_SUSPICIOUS_MOVE = YES;
				CLANG_WARN_UNGUARDED_AVAILABILITY = YES_AGGRESSIVE;
				CLANG_WARN_UNREACHABLE_CODE = YES;
				CLANG_WARN__DUPLICATE_METHOD_MATCH = YES;
				COPY_PHASE_STRIP = NO;
				DEBUG_INFORMATION_FORMAT = dwarf;
				ENABLE_STRICT_OBJC_MSGSEND = YES;
				ENABLE_TESTABILITY = YES;
				ENABLE_USER_SCRIPT_SANDBOXING = YES;
				GCC_C_LANGUAGE_STANDARD = gnu17;
				GCC_DYNAMIC_NO_PIC = NO;
				GCC_NO_COMMON_BLOCKS = YES;
				GCC_OPTIMIZATION_LEVEL = 0;
				GCC_PREPROCESSOR_DEFINITIONS = (
					"DEBUG=1",
					"$(inherited)",
				);
				GCC_WARN_64_TO_32_BIT_CONVERSION = YES;
				GCC_WARN_ABOUT_RETURN_TYPE = YES_ERROR;
				GCC_WARN_UNDECLARED_SELECTOR = YES;
				GCC_WARN_UNINITIALIZED_AUTOS = YES_AGGRESSIVE;
				GCC_WARN_UNUSED_FUNCTION = YES;
				GCC_WARN_UNUSED_VARIABLE = YES;
				IPHONEOS_DEPLOYMENT_TARGET = 18.2;
				LOCALIZATION_PREFERS_STRING_CATALOGS = YES;
				MTL_ENABLE_DEBUG_INFO = INCLUDE_SOURCE;
				MTL_FAST_MATH = YES;
				ONLY_ACTIVE_ARCH = YES;
				SDKROOT = iphoneos;
				SWIFT_ACTIVE_COMPILATION_CONDITIONS = "DEBUG $(inherited)";
				SWIFT_OPTIMIZATION_LEVEL = "-Onone";
			};
			name = Debug;
		};
		E595DC292DB6CF9000B1413F /* Release */ = {
			isa = XCBuildConfiguration;
			buildSettings = {
				ALWAYS_SEARCH_USER_PATHS = NO;
				ASSETCATALOG_COMPILER_GENERATE_SWIFT_ASSET_SYMBOL_EXTENSIONS = YES;
				CLANG_ANALYZER_NONNULL = YES;
				CLANG_ANALYZER_NUMBER_OBJECT_CONVERSION = YES_AGGRESSIVE;
				CLANG_CXX_LANGUAGE_STANDARD = "gnu++20";
				CLANG_ENABLE_MODULES = YES;
				CLANG_ENABLE_OBJC_ARC = YES;
				CLANG_ENABLE_OBJC_WEAK = YES;
				CLANG_WARN_BLOCK_CAPTURE_AUTORELEASING = YES;
				CLANG_WARN_BOOL_CONVERSION = YES;
				CLANG_WARN_COMMA = YES;
				CLANG_WARN_CONSTANT_CONVERSION = YES;
				CLANG_WARN_DEPRECATED_OBJC_IMPLEMENTATIONS = YES;
				CLANG_WARN_DIRECT_OBJC_ISA_USAGE = YES_ERROR;
				CLANG_WARN_DOCUMENTATION_COMMENTS = YES;
				CLANG_WARN_EMPTY_BODY = YES;
				CLANG_WARN_ENUM_CONVERSION = YES;
				CLANG_WARN_INFINITE_RECURSION = YES;
				CLANG_WARN_INT_CONVERSION = YES;
				CLANG_WARN_NON_LITERAL_NULL_CONVERSION = YES;
				CLANG_WARN_OBJC_IMPLICIT_RETAIN_SELF = YES;
				CLANG_WARN_OBJC_LITERAL_CONVERSION = YES;
				CLANG_WARN_OBJC_ROOT_CLASS = YES_ERROR;
				CLANG_WARN_QUOTED_INCLUDE_IN_FRAMEWORK_HEADER = YES;
				CLANG_WARN_RANGE_LOOP_ANALYSIS = YES;
				CLANG_WARN_STRICT_PROTOTYPES = YES;
				CLANG_WARN_SUSPICIOUS_MOVE = YES;
				CLANG_WARN_UNGUARDED_AVAILABILITY = YES_AGGRESSIVE;
				CLANG_WARN_UNREACHABLE_CODE = YES;
				CLANG_WARN__DUPLICATE_METHOD_MATCH = YES;
				COPY_PHASE_STRIP = NO;
				DEBUG_INFORMATION_FORMAT = "dwarf-with-dsym";
				ENABLE_NS_ASSERTIONS = NO;
				ENABLE_STRICT_OBJC_MSGSEND = YES;
				ENABLE_USER_SCRIPT_SANDBOXING = YES;
				GCC_C_LANGUAGE_STANDARD = gnu17;
				GCC_NO_COMMON_BLOCKS = YES;
				GCC_WARN_64_TO_32_BIT_CONVERSION = YES;
				GCC_WARN_ABOUT_RETURN_TYPE = YES_ERROR;
				GCC_WARN_UNDECLARED_SELECTOR = YES;
				GCC_WARN_UNINITIALIZED_AUTOS = YES_AGGRESSIVE;
				GCC_WARN_UNUSED_FUNCTION = YES;
				GCC_WARN_UNUSED_VARIABLE = YES;
				IPHONEOS_DEPLOYMENT_TARGET = 18.2;
				LOCALIZATION_PREFERS_STRING_CATALOGS = YES;
				MTL_ENABLE_DEBUG_INFO = NO;
				MTL_FAST_MATH = YES;
				SDKROOT = iphoneos;
				SWIFT_COMPILATION_MODE = wholemodule;
				VALIDATE_PRODUCT = YES;
			};
			name = Release;
		};
		E595DC2B2DB6CF9000B1413F /* Debug */ = {
			isa = XCBuildConfiguration;
			buildSettings = {
				ASSETCATALOG_COMPILER_APPICON_NAME = AppIcon;
				ASSETCATALOG_COMPILER_GLOBAL_ACCENT_COLOR_NAME = AccentColor;
				CODE_SIGN_STYLE = Automatic;
				CURRENT_PROJECT_VERSION = 1;
				DEVELOPMENT_ASSET_PATHS = "\"OPS/Preview Content\"";
				DEVELOPMENT_TEAM = X47H96M34K;
				ENABLE_PREVIEWS = YES;
				GENERATE_INFOPLIST_FILE = YES;
				INFOPLIST_FILE = OPS/Info.plist;
				INFOPLIST_KEY_CFBundleDisplayName = OPS;
				INFOPLIST_KEY_LSApplicationCategoryType = "public.app-category.business";
				INFOPLIST_KEY_NSLocationAlwaysAndWhenInUseUsageDescription = "OPS needs your location to navigate you to job sites.";
				INFOPLIST_KEY_NSLocationWhenInUseUsageDescription = "OPS needs your location to navigate you to job sites.";
				INFOPLIST_KEY_UIApplicationSceneManifest_Generation = YES;
				INFOPLIST_KEY_UIApplicationSupportsIndirectInputEvents = YES;
				INFOPLIST_KEY_UILaunchScreen_Generation = YES;
				INFOPLIST_KEY_UIRequiresFullScreen = YES;
				INFOPLIST_KEY_UIStatusBarHidden = YES;
				INFOPLIST_KEY_UIStatusBarStyle = UIStatusBarStyleDarkContent;
				INFOPLIST_KEY_UISupportedInterfaceOrientations = "UIInterfaceOrientationLandscapeLeft UIInterfaceOrientationLandscapeRight UIInterfaceOrientationPortrait UIInterfaceOrientationPortraitUpsideDown";
				LD_RUNPATH_SEARCH_PATHS = (
					"$(inherited)",
					"@executable_path/Frameworks",
				);
				MARKETING_VERSION = 1.0;
				PRODUCT_BUNDLE_IDENTIFIER = co.opsapp.ops.OPS;
				PRODUCT_NAME = "$(TARGET_NAME)";
				SUPPORTED_PLATFORMS = "iphoneos iphonesimulator";
				SUPPORTS_MACCATALYST = NO;
				SUPPORTS_MAC_DESIGNED_FOR_IPHONE_IPAD = NO;
				SUPPORTS_XR_DESIGNED_FOR_IPHONE_IPAD = NO;
				SWIFT_EMIT_LOC_STRINGS = YES;
				SWIFT_VERSION = 5.0;
				TARGETED_DEVICE_FAMILY = "1,2";
			};
			name = Debug;
		};
		E595DC2C2DB6CF9000B1413F /* Release */ = {
			isa = XCBuildConfiguration;
			buildSettings = {
				ASSETCATALOG_COMPILER_APPICON_NAME = AppIcon;
				ASSETCATALOG_COMPILER_GLOBAL_ACCENT_COLOR_NAME = AccentColor;
				CODE_SIGN_STYLE = Automatic;
				CURRENT_PROJECT_VERSION = 1;
				DEVELOPMENT_ASSET_PATHS = "\"OPS/Preview Content\"";
				DEVELOPMENT_TEAM = X47H96M34K;
				ENABLE_PREVIEWS = YES;
				GENERATE_INFOPLIST_FILE = YES;
				INFOPLIST_FILE = OPS/Info.plist;
				INFOPLIST_KEY_CFBundleDisplayName = OPS;
				INFOPLIST_KEY_LSApplicationCategoryType = "public.app-category.business";
				INFOPLIST_KEY_NSLocationAlwaysAndWhenInUseUsageDescription = "OPS needs your location to navigate you to job sites.";
				INFOPLIST_KEY_NSLocationWhenInUseUsageDescription = "OPS needs your location to navigate you to job sites.";
				INFOPLIST_KEY_UIApplicationSceneManifest_Generation = YES;
				INFOPLIST_KEY_UIApplicationSupportsIndirectInputEvents = YES;
				INFOPLIST_KEY_UILaunchScreen_Generation = YES;
				INFOPLIST_KEY_UIRequiresFullScreen = YES;
				INFOPLIST_KEY_UIStatusBarHidden = YES;
				INFOPLIST_KEY_UIStatusBarStyle = UIStatusBarStyleDarkContent;
				INFOPLIST_KEY_UISupportedInterfaceOrientations = "UIInterfaceOrientationLandscapeLeft UIInterfaceOrientationLandscapeRight UIInterfaceOrientationPortrait UIInterfaceOrientationPortraitUpsideDown";
				LD_RUNPATH_SEARCH_PATHS = (
					"$(inherited)",
					"@executable_path/Frameworks",
				);
				MARKETING_VERSION = 1.0;
				PRODUCT_BUNDLE_IDENTIFIER = co.opsapp.ops.OPS;
				PRODUCT_NAME = "$(TARGET_NAME)";
				SUPPORTED_PLATFORMS = "iphoneos iphonesimulator";
				SUPPORTS_MACCATALYST = NO;
				SUPPORTS_MAC_DESIGNED_FOR_IPHONE_IPAD = NO;
				SUPPORTS_XR_DESIGNED_FOR_IPHONE_IPAD = NO;
				SWIFT_EMIT_LOC_STRINGS = YES;
				SWIFT_VERSION = 5.0;
				TARGETED_DEVICE_FAMILY = "1,2";
			};
			name = Release;
		};
		E595DC2E2DB6CF9000B1413F /* Debug */ = {
			isa = XCBuildConfiguration;
			buildSettings = {
				BUNDLE_LOADER = "$(TEST_HOST)";
				CODE_SIGN_STYLE = Automatic;
				CURRENT_PROJECT_VERSION = 1;
				DEVELOPMENT_TEAM = X47H96M34K;
				GENERATE_INFOPLIST_FILE = YES;
				IPHONEOS_DEPLOYMENT_TARGET = 18.2;
				MARKETING_VERSION = 1.0;
				PRODUCT_BUNDLE_IDENTIFIER = co.opsapp.ops.OPSTests;
				PRODUCT_NAME = "$(TARGET_NAME)";
				SWIFT_EMIT_LOC_STRINGS = NO;
				SWIFT_VERSION = 5.0;
				TARGETED_DEVICE_FAMILY = "1,2";
				TEST_HOST = "$(BUILT_PRODUCTS_DIR)/OPS.app/$(BUNDLE_EXECUTABLE_FOLDER_PATH)/OPS";
			};
			name = Debug;
		};
		E595DC2F2DB6CF9000B1413F /* Release */ = {
			isa = XCBuildConfiguration;
			buildSettings = {
				BUNDLE_LOADER = "$(TEST_HOST)";
				CODE_SIGN_STYLE = Automatic;
				CURRENT_PROJECT_VERSION = 1;
				DEVELOPMENT_TEAM = X47H96M34K;
				GENERATE_INFOPLIST_FILE = YES;
				IPHONEOS_DEPLOYMENT_TARGET = 18.2;
				MARKETING_VERSION = 1.0;
				PRODUCT_BUNDLE_IDENTIFIER = co.opsapp.ops.OPSTests;
				PRODUCT_NAME = "$(TARGET_NAME)";
				SWIFT_EMIT_LOC_STRINGS = NO;
				SWIFT_VERSION = 5.0;
				TARGETED_DEVICE_FAMILY = "1,2";
				TEST_HOST = "$(BUILT_PRODUCTS_DIR)/OPS.app/$(BUNDLE_EXECUTABLE_FOLDER_PATH)/OPS";
			};
			name = Release;
		};
		E595DC312DB6CF9000B1413F /* Debug */ = {
			isa = XCBuildConfiguration;
			buildSettings = {
				CODE_SIGN_STYLE = Automatic;
				CURRENT_PROJECT_VERSION = 1;
				DEVELOPMENT_TEAM = X47H96M34K;
				GENERATE_INFOPLIST_FILE = YES;
				MARKETING_VERSION = 1.0;
				PRODUCT_BUNDLE_IDENTIFIER = co.opsapp.ops.OPSUITests;
				PRODUCT_NAME = "$(TARGET_NAME)";
				SWIFT_EMIT_LOC_STRINGS = NO;
				SWIFT_VERSION = 5.0;
				TARGETED_DEVICE_FAMILY = "1,2";
				TEST_TARGET_NAME = OPS;
			};
			name = Debug;
		};
		E595DC322DB6CF9000B1413F /* Release */ = {
			isa = XCBuildConfiguration;
			buildSettings = {
				CODE_SIGN_STYLE = Automatic;
				CURRENT_PROJECT_VERSION = 1;
				DEVELOPMENT_TEAM = X47H96M34K;
				GENERATE_INFOPLIST_FILE = YES;
				MARKETING_VERSION = 1.0;
				PRODUCT_BUNDLE_IDENTIFIER = co.opsapp.ops.OPSUITests;
				PRODUCT_NAME = "$(TARGET_NAME)";
				SWIFT_EMIT_LOC_STRINGS = NO;
				SWIFT_VERSION = 5.0;
				TARGETED_DEVICE_FAMILY = "1,2";
				TEST_TARGET_NAME = OPS;
			};
			name = Release;
		};
/* End XCBuildConfiguration section */

/* Begin XCConfigurationList section */
		E595DBFF2DB6CF8F00B1413F /* Build configuration list for PBXProject "OPS" */ = {
			isa = XCConfigurationList;
			buildConfigurations = (
				E595DC282DB6CF9000B1413F /* Debug */,
				E595DC292DB6CF9000B1413F /* Release */,
			);
			defaultConfigurationIsVisible = 0;
			defaultConfigurationName = Release;
		};
		E595DC2A2DB6CF9000B1413F /* Build configuration list for PBXNativeTarget "OPS" */ = {
			isa = XCConfigurationList;
			buildConfigurations = (
				E595DC2B2DB6CF9000B1413F /* Debug */,
				E595DC2C2DB6CF9000B1413F /* Release */,
			);
			defaultConfigurationIsVisible = 0;
			defaultConfigurationName = Release;
		};
		E595DC2D2DB6CF9000B1413F /* Build configuration list for PBXNativeTarget "OPSTests" */ = {
			isa = XCConfigurationList;
			buildConfigurations = (
				E595DC2E2DB6CF9000B1413F /* Debug */,
				E595DC2F2DB6CF9000B1413F /* Release */,
			);
			defaultConfigurationIsVisible = 0;
			defaultConfigurationName = Release;
		};
		E595DC302DB6CF9000B1413F /* Build configuration list for PBXNativeTarget "OPSUITests" */ = {
			isa = XCConfigurationList;
			buildConfigurations = (
				E595DC312DB6CF9000B1413F /* Debug */,
				E595DC322DB6CF9000B1413F /* Release */,
			);
			defaultConfigurationIsVisible = 0;
			defaultConfigurationName = Release;
		};
/* End XCConfigurationList section */
	};
	rootObject = E595DBFC2DB6CF8F00B1413F /* Project object */;
}
